
Microsoft Visual Studio Solution File, Format Version 12.00
# Visual Studio Version 16
VisualStudioVersion = 16.0.32106.194
MinimumVisualStudioVersion = 10.0.40219.1
Project("{FAE04EC0-301F-11D3-BF4B-00C04F79EFBC}") = "UIPrincipal", "Base\UIPrincipal.csproj", "{EB000862-6F66-4443-9C9B-C63F1F029D48}"
EndProject
Project("{FAE04EC0-301F-11D3-BF4B-00C04F79EFBC}") = "DAL", "DAL\DAL.csproj", "{5FB1C0E9-9571-44A7-8A8F-63BAEB96D781}"
EndProject
Project("{FAE04EC0-301F-11D3-BF4B-00C04F79EFBC}") = "Model", "Model\Model.csproj", "{8CA14F56-7B5A-4291-84D7-07CAC15EB753}"
EndProject
Project("{FAE04EC0-301F-11D3-BF4B-00C04F79EFBC}") = "BLL", "BLL\BLL.csproj", "{245E35FD-5519-4B78-A895-CF493ED5D0D9}"
EndProject
Global
	GlobalSection(SolutionConfigurationPlatforms) = preSolution
		Debug|Any CPU = Debug|Any CPU
		Release|Any CPU = Release|Any CPU
	EndGlobalSection
	GlobalSection(ProjectConfigurationPlatforms) = postSolution
		{EB000862-6F66-4443-9C9B-C63F1F029D48}.Debug|Any CPU.ActiveCfg = Debug|Any CPU
		{EB000862-6F66-4443-9C9B-C63F1F029D48}.Debug|Any CPU.Build.0 = Debug|Any CPU
		{EB000862-6F66-4443-9C9B-C63F1F029D48}.Release|Any CPU.ActiveCfg = Release|Any CPU
		{EB000862-6F66-4443-9C9B-C63F1F029D48}.Release|Any CPU.Build.0 = Release|Any CPU
		{5FB1C0E9-9571-44A7-8A8F-63BAEB96D781}.Debug|Any CPU.ActiveCfg = Debug|Any CPU
		{5FB1C0E9-9571-44A7-8A8F-63BAEB96D781}.Debug|Any CPU.Build.0 = Debug|Any CPU
		{5FB1C0E9-9571-44A7-8A8F-63BAEB96D781}.Release|Any CPU.ActiveCfg = Release|Any CPU
		{5FB1C0E9-9571-44A7-8A8F-63BAEB96D781}.Release|Any CPU.Build.0 = Release|Any CPU
		{8CA14F56-7B5A-4291-84D7-07CAC15EB753}.Debug|Any CPU.ActiveCfg = Debug|Any CPU
		{8CA14F56-7B5A-4291-84D7-07CAC15EB753}.Debug|Any CPU.Build.0 = Debug|Any CPU
		{8CA14F56-7B5A-4291-84D7-07CAC15EB753}.Release|Any CPU.ActiveCfg = Release|Any CPU
		{8CA14F56-7B5A-4291-84D7-07CAC15EB753}.Release|Any CPU.Build.0 = Release|Any CPU
		{245E35FD-5519-4B78-A895-CF493ED5D0D9}.Debug|Any CPU.ActiveCfg = Debug|Any CPU
		{245E35FD-5519-4B78-A895-CF493ED5D0D9}.Debug|Any CPU.Build.0 = Debug|Any CPU
		{245E35FD-5519-4B78-A895-CF493ED5D0D9}.Release|Any CPU.ActiveCfg = Release|Any CPU
		{245E35FD-5519-4B78-A895-CF493ED5D0D9}.Release|Any CPU.Build.0 = Release|Any CPU
	EndGlobalSection
	GlobalSection(SolutionProperties) = preSolution
		HideSolutionNode = FALSE
	EndGlobalSection
	GlobalSection(ExtensibilityGlobals) = postSolution
		SolutionGuid = {147D1A62-AD36-446A-816A-B8AD8114AA20}
	EndGlobalSection
EndGlobal
